{
    "_meta": {
        "hash": {
            "sha256": "4991954d17563dac24f7094607e0e0d513c0cdd5396a73046679fe44eac6a44e"
        },
        "pipfile-spec": 6,
        "requires": {
            "python_version": "3.4"
        },
        "sources": [
            {
                "name": "pypi",
                "url": "https://pypi.org/simple",
                "verify_ssl": true
            }
        ]
    },
    "default": {
        "appdirs": {
            "hashes": [
                "sha256:9e5896d1372858f8dd3344faf4e5014d21849c756c8d5701f78f8a103b372d92",
                "sha256:d8b24664561d0d34ddfaec54636d502d7cea6e29c3eaf68f3df6180863e2166e"
            ],
            "version": "==1.4.3"
        },
        "beautifulsoup4": {
            "hashes": [
                "sha256:05668158c7b85b791c5abde53e50265e16f98ad601c402ba44d70f96c4159612",
                "sha256:25288c9e176f354bf277c0a10aa96c782a6a18a17122dba2e8cec4a97e03343b",
                "sha256:f040590be10520f2ea4c2ae8c3dae441c7cfff5308ec9d58a0ec0c1b8f81d469"
            ],
            "version": "==4.8.0"
        },
        "certifi": {
            "hashes": [
                "sha256:e4f3620cfea4f83eedc95b24abd9cd56f3c4b146dd0177e83a21b4eb49e21e50",
                "sha256:fd7c7c74727ddcf00e9acd26bba8da604ffec95bf1c2144e67aff7a8b50e6cef"
            ],
            "version": "==2019.9.11"
        },
        "chardet": {
            "hashes": [
                "sha256:84ab92ed1c4d4f16916e05906b6b75a6c0fb5db821cc65e70cbd64a3e2a5eaae",
                "sha256:fc323ffcaeaed0e0a02bf4d117757b98aed530d9ed4531e3e15460124c106691"
            ],
            "version": "==3.0.4"
        },
        "colorama": {
            "hashes": [
                "sha256:05eed71e2e327246ad6b38c540c4a3117230b19679b875190486ddd2d721422d",
                "sha256:f8ac84de7840f5b9c4e3347b3c1eaa50f7e49c2b07596221daec5edaabbd7c48"
            ],
            "version": "==0.4.1"
        },
        "idna": {
            "hashes": [
                "sha256:c357b3f628cf53ae2c4c05627ecc484553142ca23264e593d327bcde5e9c3407",
                "sha256:ea8b7f6188e6fa117537c3df7da9fc686d485087abf6ac197f9c46432f7e4a3c"
            ],
            "version": "==2.8"
        },
        "lxml": {
            "hashes": [
                "sha256:06e5599b9c54f797a3c0f384c67705a0d621031007aa2400a6c7d17300fdb995",
                "sha256:092237cfe4ece074401b75001a2e525fa6e1fb9d40fee8b7b132b1947d3bd2f8",
                "sha256:0b6d49d0a26fe8207df8dd27c40b75be4deb2277173903aa76ec3e82df77cbe7",
                "sha256:0f77061c20b4f32b1cf39e8f661c74e966344084c996e7b23c3a94e472461df0",
                "sha256:0fef86edfa2f146b4b0ae2c6c05c3e4a8f3388b3655eafbc4aab3247f4dabb24",
                "sha256:2f163c8844db4ed06a230ef092e2461ad01830972a896b8f3cf8b5bac70ae85d",
                "sha256:350333190052bbfbc3222b1805b59b7979d7276e57af2257367e15a2db27082d",
                "sha256:3b57dc5ed7b6a7d852c961f2389ca99404c2b59fd2088baec6fbaca02f688be4",
                "sha256:3e86e5df4a8edd6f725f3c76f1d45e046d4f3aa40478092e4f5f373ad1f526e2",
                "sha256:43dac60d10341d3e56be089cd0798b70e70d45ce32279f4c3190d8cbd71350e4",
                "sha256:4665ee84ac8ba11d58f1ed517e29ea8536b4ae4e0c6fb6c7d3dce70abcd279f0",
                "sha256:5033cf606a7cb559db967689b1b2e743994000f783607ba4c484e90917395ad7",
                "sha256:75d731af05bf40f808d7716e0d26b4b02913402f861c032ce8c36efca350ae72",
                "sha256:7720174604c7647e357566ac9e4d135c137caed5e7b01223551a4c81c8dc8b9a",
                "sha256:b33ec641309bcea40c76c1b105f988e4e8f9a2f1ee1486aa5c0eeef33956c9bb",
                "sha256:d1135dc0ac197242028ede085b693ba1f2bff7f0f9b91080e2540348312bfa53",
                "sha256:d5a61e9c2322b45f259909a02b76bc98c4641214e22a37191d00c151aa9cdb9a",
                "sha256:da22c4b17bc17dad9c8faf6d94c8fe568ac71c867a56631ab874da418fc7f8f7",
                "sha256:da5c48ec9f8d8b5df42d328b6d1fb8d9413cd664a2367ef4f6f7cc48ee5b82c0",
                "sha256:db2794bad21b7b30b6849b4e1537171cae8a7087711d958d69c233470dc612e7",
                "sha256:f1c2f67df727034f94ccb590142d1d110f3dd38f638a4f1567fdd9f39892ba05",
                "sha256:f840dddded8b046edc774c88ed8d2442cdb231a68894c42c74e3a809450fae76"
            ],
            "version": "==4.4.0"
        },
        "online-judge-tools": {
            "hashes": [
                "sha256:c82c8ac973c9bfd8d40d83cc73d8d6c8456159c5bf32f41653c64c5567531c9a"
            ],
            "index": "pypi",
            "version": "==7.2.0"
        },
        "requests": {
            "hashes": [
                "sha256:502a824f31acdacb3a35b6690b5fbf0bc41d63a24a45c4004352b0242707598e",
                "sha256:7bf2a778576d825600030a110f3c0e3e8edc51dfaafe1c146e39a2027784957b"
            ],
            "version": "==2.21.0"
        },
        "soupsieve": {
            "hashes": [
                "sha256:605f89ad5fdbfefe30cdc293303665eff2d188865d4dbe4eb510bba1edfbfce3",
                "sha256:b91d676b330a0ebd5b21719cb6e9b57c57d433671f65b9c28dd3461d9a1ed0b6"
            ],
            "version": "==1.9.4"
        },
        "toml": {
            "hashes": [
                "sha256:229f81c57791a41d65e399fc06bf0848bab550a9dfd5ed66df18ce5f05e73d5c",
                "sha256:235682dd292d5899d361a811df37e04a8828a5b1da3115886b73cf81ebc9100e"
            ],
            "version": "==0.10.0"
        },
        "urllib3": {
            "hashes": [
                "sha256:2393a695cd12afedd0dcb26fe5d50d0cf248e5a66f75dbd89a3d4eb333a61af4",
                "sha256:a637e5fae88995b256e3409dc4d52c2e2e0ba32c42a6365fee8bbd2238de3cfb"
            ],
            "version": "==1.24.3"
        }
    },
    "develop": {}
}
